
Microsoft Visual Studio Solution File, Format Version 12.00
# Visual Studio Version 17
VisualStudioVersion = 17.4.33213.308
MinimumVisualStudioVersion = 10.0.40219.1
Project("{FAE04EC0-301F-11D3-BF4B-00C04F79EFBC}") = "Employee_wage", "Employee_wage.csproj", "{751047CC-544F-49C3-8A2F-7CA8D048BB1C}"
EndProject
Global
	GlobalSection(SolutionConfigurationPlatforms) = preSolution
		Debug|Any CPU = Debug|Any CPU
		Release|Any CPU = Release|Any CPU
	EndGlobalSection
	GlobalSection(ProjectConfigurationPlatforms) = postSolution
		{751047CC-544F-49C3-8A2F-7CA8D048BB1C}.Debug|Any CPU.ActiveCfg = Debug|Any CPU
		{751047CC-544F-49C3-8A2F-7CA8D048BB1C}.Debug|Any CPU.Build.0 = Debug|Any CPU
		{751047CC-544F-49C3-8A2F-7CA8D048BB1C}.Release|Any CPU.ActiveCfg = Release|Any CPU
		{751047CC-544F-49C3-8A2F-7CA8D048BB1C}.Release|Any CPU.Build.0 = Release|Any CPU
	EndGlobalSection
	GlobalSection(SolutionProperties) = preSolution
		HideSolutionNode = FALSE
	EndGlobalSection
	GlobalSection(ExtensibilityGlobals) = postSolution
		SolutionGuid = {ABCBFAD6-6660-40EA-BFA0-80890DDE0ABD}
	EndGlobalSection
EndGlobal
